
Microsoft Visual Studio Solution File, Format Version 12.00
# Visual Studio Version 16
VisualStudioVersion = 16.0.29920.165
MinimumVisualStudioVersion = 10.0.40219.1
Project("{FAE04EC0-301F-11D3-BF4B-00C04F79EFBC}") = "ASGARD", "ASGARD\ASGARD.csproj", "{D772B174-B418-45CF-8BEF-CE0F2EF4F8F9}"
EndProject
Global
	GlobalSection(SolutionConfigurationPlatforms) = preSolution
		Debug|Any CPU = Debug|Any CPU
		Release|Any CPU = Release|Any CPU
	EndGlobalSection
	GlobalSection(ProjectConfigurationPlatforms) = postSolution
		{D772B174-B418-45CF-8BEF-CE0F2EF4F8F9}.Debug|Any CPU.ActiveCfg = Debug|Any CPU
		{D772B174-B418-45CF-8BEF-CE0F2EF4F8F9}.Debug|Any CPU.Build.0 = Debug|Any CPU
		{D772B174-B418-45CF-8BEF-CE0F2EF4F8F9}.Release|Any CPU.ActiveCfg = Release|Any CPU
		{D772B174-B418-45CF-8BEF-CE0F2EF4F8F9}.Release|Any CPU.Build.0 = Release|Any CPU
	EndGlobalSection
	GlobalSection(SolutionProperties) = preSolution
		HideSolutionNode = FALSE
	EndGlobalSection
	GlobalSection(ExtensibilityGlobals) = postSolution
		SolutionGuid = {2B836460-1E13-4638-9F4F-8916C3967717}
	EndGlobalSection
EndGlobal
